
Microsoft Visual Studio Solution File, Format Version 12.00
# Visual Studio Version 17
VisualStudioVersion = 17.1.32328.378
MinimumVisualStudioVersion = 10.0.40219.1
Project("{9A19103F-16F7-4668-BE54-9A1E7A4F7556}") = "QuizGame.GUI", "QuizGame\QuizGame.GUI.csproj", "{33855EF6-662C-46A4-A70D-D6EEDFE3F1C4}"
EndProject
Project("{9A19103F-16F7-4668-BE54-9A1E7A4F7556}") = "QuizGame.Data", "QuizGame.Data\QuizGame.Data.csproj", "{FCEF871C-B06C-4B23-B778-6A8E4A509B1E}"
EndProject
Project("{9A19103F-16F7-4668-BE54-9A1E7A4F7556}") = "QuizGame.Logic", "QuizGame.Logic\QuizGame.Logic.csproj", "{0722F4E6-C3A9-47C9-85C9-B835536C496D}"
	ProjectSection(ProjectDependencies) = postProject
		{FCEF871C-B06C-4B23-B778-6A8E4A509B1E} = {FCEF871C-B06C-4B23-B778-6A8E4A509B1E}
	EndProjectSection
EndProject
Project("{9A19103F-16F7-4668-BE54-9A1E7A4F7556}") = "QuizGame.Test", "QuizGame.Test\QuizGame.Test.csproj", "{ED70160A-B242-43F0-871A-A0204E8E1324}"
EndProject
Global
	GlobalSection(SolutionConfigurationPlatforms) = preSolution
		Debug|Any CPU = Debug|Any CPU
		Release|Any CPU = Release|Any CPU
	EndGlobalSection
	GlobalSection(ProjectConfigurationPlatforms) = postSolution
		{33855EF6-662C-46A4-A70D-D6EEDFE3F1C4}.Debug|Any CPU.ActiveCfg = Debug|Any CPU
		{33855EF6-662C-46A4-A70D-D6EEDFE3F1C4}.Debug|Any CPU.Build.0 = Debug|Any CPU
		{33855EF6-662C-46A4-A70D-D6EEDFE3F1C4}.Release|Any CPU.ActiveCfg = Release|Any CPU
		{33855EF6-662C-46A4-A70D-D6EEDFE3F1C4}.Release|Any CPU.Build.0 = Release|Any CPU
		{FCEF871C-B06C-4B23-B778-6A8E4A509B1E}.Debug|Any CPU.ActiveCfg = Debug|Any CPU
		{FCEF871C-B06C-4B23-B778-6A8E4A509B1E}.Debug|Any CPU.Build.0 = Debug|Any CPU
		{FCEF871C-B06C-4B23-B778-6A8E4A509B1E}.Release|Any CPU.ActiveCfg = Release|Any CPU
		{FCEF871C-B06C-4B23-B778-6A8E4A509B1E}.Release|Any CPU.Build.0 = Release|Any CPU
		{0722F4E6-C3A9-47C9-85C9-B835536C496D}.Debug|Any CPU.ActiveCfg = Debug|Any CPU
		{0722F4E6-C3A9-47C9-85C9-B835536C496D}.Debug|Any CPU.Build.0 = Debug|Any CPU
		{0722F4E6-C3A9-47C9-85C9-B835536C496D}.Release|Any CPU.ActiveCfg = Release|Any CPU
		{0722F4E6-C3A9-47C9-85C9-B835536C496D}.Release|Any CPU.Build.0 = Release|Any CPU
		{ED70160A-B242-43F0-871A-A0204E8E1324}.Debug|Any CPU.ActiveCfg = Debug|Any CPU
		{ED70160A-B242-43F0-871A-A0204E8E1324}.Debug|Any CPU.Build.0 = Debug|Any CPU
		{ED70160A-B242-43F0-871A-A0204E8E1324}.Release|Any CPU.ActiveCfg = Release|Any CPU
		{ED70160A-B242-43F0-871A-A0204E8E1324}.Release|Any CPU.Build.0 = Release|Any CPU
	EndGlobalSection
	GlobalSection(SolutionProperties) = preSolution
		HideSolutionNode = FALSE
	EndGlobalSection
	GlobalSection(ExtensibilityGlobals) = postSolution
		SolutionGuid = {898DE90B-0D77-46AE-8CFD-FBBCCE0BF8B8}
	EndGlobalSection
EndGlobal
