
Microsoft Visual Studio Solution File, Format Version 12.00
# Visual Studio Version 17
VisualStudioVersion = 17.1.32328.378
MinimumVisualStudioVersion = 10.0.40219.1
Project("{9A19103F-16F7-4668-BE54-9A1E7A4F7556}") = "QuizGame.GUI", "QuizGame\QuizGame.GUI.csproj", "{33855EF6-662C-46A4-A70D-D6EEDFE3F1C4}"
	ProjectSection(ProjectDependencies) = postProject
		{8312E4B8-4239-41D1-8A23-9D71A50CEA9F} = {8312E4B8-4239-41D1-8A23-9D71A50CEA9F}
	EndProjectSection
EndProject
Project("{9A19103F-16F7-4668-BE54-9A1E7A4F7556}") = "QuizGame.Data", "QuizGame.Data\QuizGame.Data.csproj", "{FCEF871C-B06C-4B23-B778-6A8E4A509B1E}"
EndProject
Project("{9A19103F-16F7-4668-BE54-9A1E7A4F7556}") = "QuizGame.Test", "QuizGame.Test\QuizGame.Test.csproj", "{8312E4B8-4239-41D1-8A23-9D71A50CEA9F}"
EndProject
Global
	GlobalSection(SolutionConfigurationPlatforms) = preSolution
		Debug|Any CPU = Debug|Any CPU
		Release|Any CPU = Release|Any CPU
	EndGlobalSection
	GlobalSection(ProjectConfigurationPlatforms) = postSolution
		{33855EF6-662C-46A4-A70D-D6EEDFE3F1C4}.Debug|Any CPU.ActiveCfg = Debug|Any CPU
		{33855EF6-662C-46A4-A70D-D6EEDFE3F1C4}.Debug|Any CPU.Build.0 = Debug|Any CPU
		{33855EF6-662C-46A4-A70D-D6EEDFE3F1C4}.Release|Any CPU.ActiveCfg = Release|Any CPU
		{33855EF6-662C-46A4-A70D-D6EEDFE3F1C4}.Release|Any CPU.Build.0 = Release|Any CPU
		{FCEF871C-B06C-4B23-B778-6A8E4A509B1E}.Debug|Any CPU.ActiveCfg = Debug|Any CPU
		{FCEF871C-B06C-4B23-B778-6A8E4A509B1E}.Debug|Any CPU.Build.0 = Debug|Any CPU
		{FCEF871C-B06C-4B23-B778-6A8E4A509B1E}.Release|Any CPU.ActiveCfg = Release|Any CPU
		{FCEF871C-B06C-4B23-B778-6A8E4A509B1E}.Release|Any CPU.Build.0 = Release|Any CPU
		{8312E4B8-4239-41D1-8A23-9D71A50CEA9F}.Debug|Any CPU.ActiveCfg = Debug|Any CPU
		{8312E4B8-4239-41D1-8A23-9D71A50CEA9F}.Debug|Any CPU.Build.0 = Debug|Any CPU
		{8312E4B8-4239-41D1-8A23-9D71A50CEA9F}.Release|Any CPU.ActiveCfg = Release|Any CPU
		{8312E4B8-4239-41D1-8A23-9D71A50CEA9F}.Release|Any CPU.Build.0 = Release|Any CPU
	EndGlobalSection
	GlobalSection(SolutionProperties) = preSolution
		HideSolutionNode = FALSE
	EndGlobalSection
	GlobalSection(ExtensibilityGlobals) = postSolution
		SolutionGuid = {898DE90B-0D77-46AE-8CFD-FBBCCE0BF8B8}
	EndGlobalSection
EndGlobal
